Microsoft Visual Studio Solution File, Format Version 11.00
# Visual Studio 2008

Project("{C5AF4418-4882-17E9-E101-40B1FB4132B6}") = "3D TopDown", "Assembly-CSharp-vs.csproj", "{C74FFCC7-F77F-831C-0F81-286E71B5FCDB}"
EndProject
Global
	GlobalSection(SolutionConfigurationPlatforms) = preSolution
		Debug|Any CPU = Debug|Any CPU
		Release|Any CPU = Release|Any CPU
	EndGlobalSection
	GlobalSection(ProjectConfigurationPlatforms) = postSolution
		{C74FFCC7-F77F-831C-0F81-286E71B5FCDB}.Debug|Any CPU.ActiveCfg = Debug|Any CPU
		{C74FFCC7-F77F-831C-0F81-286E71B5FCDB}.Debug|Any CPU.Build.0 = Debug|Any CPU
		{C74FFCC7-F77F-831C-0F81-286E71B5FCDB}.Release|Any CPU.ActiveCfg = Release|Any CPU
		{C74FFCC7-F77F-831C-0F81-286E71B5FCDB}.Release|Any CPU.Build.0 = Release|Any CPU
	EndGlobalSection
	GlobalSection(SolutionProperties) = preSolution
		HideSolutionNode = FALSE
	EndGlobalSection
																																																																				GlobalSection(MonoDevelopProperties) = preSolution
		StartupItem = Assembly-CSharp.csproj
		Policies = $0
		$0.TextStylePolicy = $1
		$1.inheritsSet = null
		$1.scope = text/x-csharp
		$0.CSharpFormattingPolicy = $2
		$2.inheritsSet = Mono
		$2.inheritsScope = text/x-csharp
		$2.scope = text/x-csharp
		$0.TextStylePolicy = $3
		$3.FileWidth = 120
		$3.TabWidth = 4
		$3.EolMarker = Unix
		$3.inheritsSet = Mono
		$3.inheritsScope = text/plain
		$3.scope = text/plain
	EndGlobalSection

EndGlobal
